
Microsoft Visual Studio Solution File, Format Version 12.00
# Visual Studio Version 16
VisualStudioVersion = 16.0.31005.135
MinimumVisualStudioVersion = 10.0.40219.1
Project("{FAE04EC0-301F-11D3-BF4B-00C04F79EFBC}") = "BakeryMVCCore", "BakeryMVCCore\BakeryMVCCore.csproj", "{64CAF618-13DF-431C-8519-7AC7FEBD7D80}"
EndProject
Global
	GlobalSection(SolutionConfigurationPlatforms) = preSolution
		Debug|Any CPU = Debug|Any CPU
		Release|Any CPU = Release|Any CPU
	EndGlobalSection
	GlobalSection(ProjectConfigurationPlatforms) = postSolution
		{64CAF618-13DF-431C-8519-7AC7FEBD7D80}.Debug|Any CPU.ActiveCfg = Debug|Any CPU
		{64CAF618-13DF-431C-8519-7AC7FEBD7D80}.Debug|Any CPU.Build.0 = Debug|Any CPU
		{64CAF618-13DF-431C-8519-7AC7FEBD7D80}.Release|Any CPU.ActiveCfg = Release|Any CPU
		{64CAF618-13DF-431C-8519-7AC7FEBD7D80}.Release|Any CPU.Build.0 = Release|Any CPU
	EndGlobalSection
	GlobalSection(SolutionProperties) = preSolution
		HideSolutionNode = FALSE
	EndGlobalSection
	GlobalSection(ExtensibilityGlobals) = postSolution
		SolutionGuid = {784E198F-5FA3-4D7F-A74E-05C6009CD8BC}
	EndGlobalSection
EndGlobal
